github.com/golang/snappy v0.0.1 h1:Qgr9rKW7uDUkrbSmQeiDsGa8SjGyCOGtuasMWwvp2P4=
github.com/golang/snappy v0.0.1/go.mod h1:/XxbfmMg8lxefKM7IXC3fBNl/7bRcc72aCRzEWrmP2Q=
github.com/linkedin/goavro v1.0.5 h1:6ds0AI8upkEoafDk0a5r9q1p/xRtMq47jCilZYEqbmg=
github.com/linkedin/goavro v2.1.0+incompatible h1:DV2aUlj2xZiuxQyvag8Dy7zjY69ENjS66bWkSfdpddY=
github.com/linkedin/goavro/v2 v2.10.0 h1:eTBIRoInBM88gITGXYtUSqqxLTFXfOsJBiX8ZMW0o4U=
github.com/linkedin/goavro/v2 v2.10.0/go.mod h1:UgQUb2N/pmueQYH9bfqFioWxzYCZXSfF8Jw03O5sjqA=
