dependencies:
- name: minio
  repository: https://charts.bitnami.com/bitnami
  version: 11.9.1
- name: mongodb
  repository: https://charts.bitnami.com/bitnami
  version: 13.1.2
- name: timescaledb
  repository: file://./timescaledb
  version: 0.8.0
- name: redis
  repository: file://./redis
  version: 0.8.0
- name: postgresql
  repository: https://charts.bitnami.com/bitnami
  version: 12.4.2
- name: clickhouse
  repository: https://charts.bitnami.com/bitnami
  version: 2.1.0
digest: sha256:c5fa328182ca0e9eb1e0fee3429984187bfa893790ed938fb83f3e3c51b65fce
generated: "2023-08-06T20:31:22.901698+05:30"
