dependencies:
- name: minio
  repository: https://charts.bitnami.com/bitnami
  version: 11.9.1
- name: mongodb
  repository: https://charts.bitnami.com/bitnami
  version: 13.1.2
- name: timescaledb
  repository: file://./timescaledb
  version: 0.8.1
- name: redis
  repository: file://./redis
  version: 0.8.2
- name: postgresql
  repository: https://charts.bitnami.com/bitnami
  version: 12.4.2
- name: clickhouse
  repository: https://charts.bitnami.com/bitnami
  version: 2.1.0
- name: harness-common
  repository: https://harness.github.io/helm-common
  version: 1.1.13
digest: sha256:3fb426f3300fc444e4a612ac9c5e256ca1d1d0a08f9d1207337d332b9dc1a615
generated: "2023-11-07T17:13:54.55022+05:30"
