dependencies:
- name: common
  repository: https://charts.bitnami.com/bitnami
  version: 2.13.3
- name: harness-common
  repository: https://harness.github.io/helm-common
  version: 1.1.9
digest: sha256:5c3e3c371cf43870c6e99c7cba38d7193520970f53b5e356af2ad144da4b98f7
generated: "2023-10-20T11:12:07.968815+05:30"
