dependencies:
- name: common
  repository: https://charts.bitnami.com/bitnami
  version: 2.4.0
- name: harness-common
  repository: https://harness.github.io/helm-common
  version: 1.0.14
digest: sha256:61383997fd3fa6112932d9937bffac5ac8382aebc25265e98205a24a1932b6e6
generated: "2023-05-18T21:15:01.235842+05:30"
