dependencies:
- name: common
  repository: https://charts.bitnami.com/bitnami
  version: 2.6.0
- name: harness-common
  repository: https://harness.github.io/helm-common
  version: 1.0.27
digest: sha256:e48e1c645616f63108c3e5ece42e2a71b430001be614d7b995ed81fa51c46a5b
generated: "2023-08-03T16:32:42.311907+05:30"
