dependencies:
- name: database
  repository: file://./database
  version: 0.9.6
- name: harness-secrets
  repository: file://./secrets
  version: 0.9.1
- name: rbac
  repository: file://./rbac
  version: 0.9.0
- name: networking
  repository: file://./networking
  version: 0.9.1
digest: sha256:16da4799bdbd99f6b6acf051738d48f5297d525c2b7ee5a185c6d576a5e76045
generated: "2023-10-23T09:34:04.028534+05:30"
