dependencies:
- name: database
  repository: file://./database
  version: 0.9.5
- name: harness-secrets
  repository: file://./secrets
  version: 0.9.1
- name: rbac
  repository: file://./rbac
  version: 0.9.0
- name: networking
  repository: file://./networking
  version: 0.9.1
digest: sha256:a58439756ebcb66be06c2fd6ac79b70b209f608437d244ef0555c8e8d649d532
generated: "2023-10-20T12:54:27.573179-07:00"
